
Microsoft Visual Studio Solution File, Format Version 12.00
# Visual Studio Version 17
VisualStudioVersion = 17.8.34330.188
MinimumVisualStudioVersion = 10.0.40219.1
Project("{2150E333-8FDC-42A3-9474-1A3956D46DE8}") = "doc", "doc", "{7ADF748A-86FC-4634-B822-A1E8F15D70ED}"
EndProject
Project("{2150E333-8FDC-42A3-9474-1A3956D46DE8}") = "src", "src", "{10BD05D9-E901-4C2B-AFFF-CF01F710DD9B}"
EndProject
Project("{2150E333-8FDC-42A3-9474-1A3956D46DE8}") = "test", "test", "{D7E88211-1FEB-4755-B197-3132A54D3704}"
EndProject
Project("{2150E333-8FDC-42A3-9474-1A3956D46DE8}") = "Infrastructure", "Infrastructure", "{2F26B395-53EA-4DCD-A460-74835C8E2126}"
EndProject
Project("{2150E333-8FDC-42A3-9474-1A3956D46DE8}") = "API", "API", "{485E40F8-E1F6-4A57-82DF-9327EF88D52E}"
EndProject
Project("{2150E333-8FDC-42A3-9474-1A3956D46DE8}") = "Core", "Core", "{4E3E51DA-0462-4207-9D96-925B7E0CA9E7}"
EndProject
Project("{9A19103F-16F7-4668-BE54-9A1E7A4F7556}") = "DGPCE.Sigemad.API", "DGPCE.Sigemad.API\DGPCE.Sigemad.API.csproj", "{4ABFD324-3898-41FF-9C4E-6F9D50226AFA}"
EndProject
Project("{9A19103F-16F7-4668-BE54-9A1E7A4F7556}") = "DGPCE.Sigemad.Domain", "DGPCE.Sigemad.Domain\DGPCE.Sigemad.Domain.csproj", "{604837EB-1395-4FC4-8323-F77501C2E6AA}"
EndProject
Project("{9A19103F-16F7-4668-BE54-9A1E7A4F7556}") = "DGPCE.Sigemad.Application", "DGPCE.Sigemad.Application\DGPCE.Sigemad.Application.csproj", "{5ACA14C5-8B02-483B-B0E5-DBE3AC5C2CE9}"
EndProject
Project("{9A19103F-16F7-4668-BE54-9A1E7A4F7556}") = "DGPCE.Sigemad.Infrastructure", "DGPCE.Sigemad.Infrastructure\DGPCE.Sigemad.Infrastructure.csproj", "{606D944C-B9A6-4A1F-B662-866D206F1D98}"
EndProject
Project("{9A19103F-16F7-4668-BE54-9A1E7A4F7556}") = "DGPCE.Sigemad.Identity", "DGPCE.Sigemad.Identity\DGPCE.Sigemad.Identity.csproj", "{19DE6589-9E2F-4C6A-B8FC-9AF957486D16}"
EndProject
Project("{FAE04EC0-301F-11D3-BF4B-00C04F79EFBC}") = "DGPCE.Sigemad.Application.Tests", "tests\DGPCE.Sigemad.Application.Tests\DGPCE.Sigemad.Application.Tests.csproj", "{D177DED7-C6C2-405F-8BDB-22FAB6144957}"
EndProject
Global
	GlobalSection(SolutionConfigurationPlatforms) = preSolution
		Debug|Any CPU = Debug|Any CPU
		Release|Any CPU = Release|Any CPU
	EndGlobalSection
	GlobalSection(ProjectConfigurationPlatforms) = postSolution
		{4ABFD324-3898-41FF-9C4E-6F9D50226AFA}.Debug|Any CPU.ActiveCfg = Debug|Any CPU
		{4ABFD324-3898-41FF-9C4E-6F9D50226AFA}.Debug|Any CPU.Build.0 = Debug|Any CPU
		{4ABFD324-3898-41FF-9C4E-6F9D50226AFA}.Release|Any CPU.ActiveCfg = Release|Any CPU
		{4ABFD324-3898-41FF-9C4E-6F9D50226AFA}.Release|Any CPU.Build.0 = Release|Any CPU
		{604837EB-1395-4FC4-8323-F77501C2E6AA}.Debug|Any CPU.ActiveCfg = Debug|Any CPU
		{604837EB-1395-4FC4-8323-F77501C2E6AA}.Debug|Any CPU.Build.0 = Debug|Any CPU
		{604837EB-1395-4FC4-8323-F77501C2E6AA}.Release|Any CPU.ActiveCfg = Release|Any CPU
		{604837EB-1395-4FC4-8323-F77501C2E6AA}.Release|Any CPU.Build.0 = Release|Any CPU
		{5ACA14C5-8B02-483B-B0E5-DBE3AC5C2CE9}.Debug|Any CPU.ActiveCfg = Debug|Any CPU
		{5ACA14C5-8B02-483B-B0E5-DBE3AC5C2CE9}.Debug|Any CPU.Build.0 = Debug|Any CPU
		{5ACA14C5-8B02-483B-B0E5-DBE3AC5C2CE9}.Release|Any CPU.ActiveCfg = Release|Any CPU
		{5ACA14C5-8B02-483B-B0E5-DBE3AC5C2CE9}.Release|Any CPU.Build.0 = Release|Any CPU
		{606D944C-B9A6-4A1F-B662-866D206F1D98}.Debug|Any CPU.ActiveCfg = Debug|Any CPU
		{606D944C-B9A6-4A1F-B662-866D206F1D98}.Debug|Any CPU.Build.0 = Debug|Any CPU
		{606D944C-B9A6-4A1F-B662-866D206F1D98}.Release|Any CPU.ActiveCfg = Release|Any CPU
		{606D944C-B9A6-4A1F-B662-866D206F1D98}.Release|Any CPU.Build.0 = Release|Any CPU
		{19DE6589-9E2F-4C6A-B8FC-9AF957486D16}.Debug|Any CPU.ActiveCfg = Debug|Any CPU
		{19DE6589-9E2F-4C6A-B8FC-9AF957486D16}.Debug|Any CPU.Build.0 = Debug|Any CPU
		{19DE6589-9E2F-4C6A-B8FC-9AF957486D16}.Release|Any CPU.ActiveCfg = Release|Any CPU
		{19DE6589-9E2F-4C6A-B8FC-9AF957486D16}.Release|Any CPU.Build.0 = Release|Any CPU
		{D177DED7-C6C2-405F-8BDB-22FAB6144957}.Debug|Any CPU.ActiveCfg = Debug|Any CPU
		{D177DED7-C6C2-405F-8BDB-22FAB6144957}.Debug|Any CPU.Build.0 = Debug|Any CPU
		{D177DED7-C6C2-405F-8BDB-22FAB6144957}.Release|Any CPU.ActiveCfg = Release|Any CPU
		{D177DED7-C6C2-405F-8BDB-22FAB6144957}.Release|Any CPU.Build.0 = Release|Any CPU
	EndGlobalSection
	GlobalSection(SolutionProperties) = preSolution
		HideSolutionNode = FALSE
	EndGlobalSection
	GlobalSection(NestedProjects) = preSolution
		{2F26B395-53EA-4DCD-A460-74835C8E2126} = {10BD05D9-E901-4C2B-AFFF-CF01F710DD9B}
		{485E40F8-E1F6-4A57-82DF-9327EF88D52E} = {10BD05D9-E901-4C2B-AFFF-CF01F710DD9B}
		{4E3E51DA-0462-4207-9D96-925B7E0CA9E7} = {10BD05D9-E901-4C2B-AFFF-CF01F710DD9B}
		{4ABFD324-3898-41FF-9C4E-6F9D50226AFA} = {485E40F8-E1F6-4A57-82DF-9327EF88D52E}
		{604837EB-1395-4FC4-8323-F77501C2E6AA} = {4E3E51DA-0462-4207-9D96-925B7E0CA9E7}
		{5ACA14C5-8B02-483B-B0E5-DBE3AC5C2CE9} = {4E3E51DA-0462-4207-9D96-925B7E0CA9E7}
		{606D944C-B9A6-4A1F-B662-866D206F1D98} = {2F26B395-53EA-4DCD-A460-74835C8E2126}
		{19DE6589-9E2F-4C6A-B8FC-9AF957486D16} = {2F26B395-53EA-4DCD-A460-74835C8E2126}
		{D177DED7-C6C2-405F-8BDB-22FAB6144957} = {D7E88211-1FEB-4755-B197-3132A54D3704}
	EndGlobalSection
	GlobalSection(ExtensibilityGlobals) = postSolution
		SolutionGuid = {D03D7A9C-460C-4C55-BA21-BE8E5F5BB657}
	EndGlobalSection
EndGlobal
